name: update-flake-lock
on:
  workflow_dispatch: # manual trigger
  schedule:
    - cron: "0 4 * * 1" # weekly, Monday 04:00 UTC
permissions:
  contents: write
  pull-requests: write
jobs:
  lockfile:
    runs-on: ubuntu-latest
    steps:
      - uses: actions/checkout@9c091bb21b7c1c1d1991bb908d89e4e9dddfe3e0 # v7
      - uses: DeterminateSystems/nix-installer-action@a7ad9c4f0c65208097f4d34f3cfa1913b80cce5c # main
      - uses: DeterminateSystems/update-flake-lock@ec13d37c32ca75bc750ecc133e944e5a18164688 # main
        with:
          pr-title: "chore(deps): update flake.lock"
          commit-msg: "chore(deps): update flake.lock"
          pr-labels: |
            dependencies
            nix
